
Microsoft Visual Studio Solution File, Format Version 12.00
# Visual Studio 15
VisualStudioVersion = 15.0.26730.3
MinimumVisualStudioVersion = 10.0.40219.1
Project("{FAE04EC0-301F-11D3-BF4B-00C04F79EFBC}") = "Forest", "Forest\Forest.csproj", "{43D692AF-51E9-4177-B3BF-F175026ABEC6}"
EndProject
Project("{FAE04EC0-301F-11D3-BF4B-00C04F79EFBC}") = "Forest.Services", "Forest.Services\Forest.Services.csproj", "{BCC512A6-8D4A-4BA4-85D0-D0AB30F15F3B}"
EndProject
Project("{FAE04EC0-301F-11D3-BF4B-00C04F79EFBC}") = "Forest.Data", "Forest.Data\Forest.Data.csproj", "{4EBA30DE-90AC-45DB-B4EB-064C673ECAB6}"
EndProject
Global
	GlobalSection(SolutionConfigurationPlatforms) = preSolution
		Debug|Any CPU = Debug|Any CPU
		Release|Any CPU = Release|Any CPU
	EndGlobalSection
	GlobalSection(ProjectConfigurationPlatforms) = postSolution
		{43D692AF-51E9-4177-B3BF-F175026ABEC6}.Debug|Any CPU.ActiveCfg = Debug|Any CPU
		{43D692AF-51E9-4177-B3BF-F175026ABEC6}.Debug|Any CPU.Build.0 = Debug|Any CPU
		{43D692AF-51E9-4177-B3BF-F175026ABEC6}.Release|Any CPU.ActiveCfg = Release|Any CPU
		{43D692AF-51E9-4177-B3BF-F175026ABEC6}.Release|Any CPU.Build.0 = Release|Any CPU
		{BCC512A6-8D4A-4BA4-85D0-D0AB30F15F3B}.Debug|Any CPU.ActiveCfg = Debug|Any CPU
		{BCC512A6-8D4A-4BA4-85D0-D0AB30F15F3B}.Debug|Any CPU.Build.0 = Debug|Any CPU
		{BCC512A6-8D4A-4BA4-85D0-D0AB30F15F3B}.Release|Any CPU.ActiveCfg = Release|Any CPU
		{BCC512A6-8D4A-4BA4-85D0-D0AB30F15F3B}.Release|Any CPU.Build.0 = Release|Any CPU
		{4EBA30DE-90AC-45DB-B4EB-064C673ECAB6}.Debug|Any CPU.ActiveCfg = Debug|Any CPU
		{4EBA30DE-90AC-45DB-B4EB-064C673ECAB6}.Debug|Any CPU.Build.0 = Debug|Any CPU
		{4EBA30DE-90AC-45DB-B4EB-064C673ECAB6}.Release|Any CPU.ActiveCfg = Release|Any CPU
		{4EBA30DE-90AC-45DB-B4EB-064C673ECAB6}.Release|Any CPU.Build.0 = Release|Any CPU
	EndGlobalSection
	GlobalSection(SolutionProperties) = preSolution
		HideSolutionNode = FALSE
	EndGlobalSection
	GlobalSection(ExtensibilityGlobals) = postSolution
		SolutionGuid = {5579E65F-261B-42EC-9C74-F2E51F6B8B38}
	EndGlobalSection
EndGlobal
